
Microsoft Visual Studio Solution File, Format Version 12.00
# Visual Studio Version 16
VisualStudioVersion = 16.0.32407.337
MinimumVisualStudioVersion = 10.0.40219.1
Project("{FAE04EC0-301F-11D3-BF4B-00C04F79EFBC}") = "TestProject1", "TestProject1\TestProject1.csproj", "{BEE3907C-1070-45F5-BF3B-DF4C216C0AD1}"
EndProject
Global
	GlobalSection(SolutionConfigurationPlatforms) = preSolution
		Debug|Any CPU = Debug|Any CPU
		Release|Any CPU = Release|Any CPU
	EndGlobalSection
	GlobalSection(ProjectConfigurationPlatforms) = postSolution
		{BEE3907C-1070-45F5-BF3B-DF4C216C0AD1}.Debug|Any CPU.ActiveCfg = Debug|Any CPU
		{BEE3907C-1070-45F5-BF3B-DF4C216C0AD1}.Debug|Any CPU.Build.0 = Debug|Any CPU
		{BEE3907C-1070-45F5-BF3B-DF4C216C0AD1}.Release|Any CPU.ActiveCfg = Release|Any CPU
		{BEE3907C-1070-45F5-BF3B-DF4C216C0AD1}.Release|Any CPU.Build.0 = Release|Any CPU
	EndGlobalSection
	GlobalSection(SolutionProperties) = preSolution
		HideSolutionNode = FALSE
	EndGlobalSection
	GlobalSection(ExtensibilityGlobals) = postSolution
		SolutionGuid = {422514C9-1156-4659-9931-4A3BBE859CF0}
	EndGlobalSection
EndGlobal
